
Microsoft Visual Studio Solution File, Format Version 12.00
# Visual Studio 15
VisualStudioVersion = 15.0.27019.1
MinimumVisualStudioVersion = 10.0.40219.1
Project("{FAE04EC0-301F-11D3-BF4B-00C04F79EFBC}") = "PROG_REL3_EJ16_Vera_Guillermo", "PROG_REL3_EJ16_Vera_Guillermo\PROG_REL3_EJ16_Vera_Guillermo.csproj", "{CE426E00-B4F0-461A-B5E9-99E955E761C1}"
EndProject
Global
	GlobalSection(SolutionConfigurationPlatforms) = preSolution
		Debug|Any CPU = Debug|Any CPU
		Release|Any CPU = Release|Any CPU
	EndGlobalSection
	GlobalSection(ProjectConfigurationPlatforms) = postSolution
		{CE426E00-B4F0-461A-B5E9-99E955E761C1}.Debug|Any CPU.ActiveCfg = Debug|Any CPU
		{CE426E00-B4F0-461A-B5E9-99E955E761C1}.Debug|Any CPU.Build.0 = Debug|Any CPU
		{CE426E00-B4F0-461A-B5E9-99E955E761C1}.Release|Any CPU.ActiveCfg = Release|Any CPU
		{CE426E00-B4F0-461A-B5E9-99E955E761C1}.Release|Any CPU.Build.0 = Release|Any CPU
	EndGlobalSection
	GlobalSection(SolutionProperties) = preSolution
		HideSolutionNode = FALSE
	EndGlobalSection
	GlobalSection(ExtensibilityGlobals) = postSolution
		SolutionGuid = {54F87311-901E-4589-AA37-053669987618}
	EndGlobalSection
EndGlobal
