
Microsoft Visual Studio Solution File, Format Version 12.00
# Visual Studio 2012
Project("{FAE04EC0-301F-11D3-BF4B-00C04F79EFBC}") = "App_JugandoConTipos_V1", "App_JugandoConTipos_V1\App_JugandoConTipos_V1.csproj", "{A7A8F93A-D083-4970-8B8A-37A4BA9912E5}"
EndProject
Global
	GlobalSection(SolutionConfigurationPlatforms) = preSolution
		Debug|Any CPU = Debug|Any CPU
		Release|Any CPU = Release|Any CPU
	EndGlobalSection
	GlobalSection(ProjectConfigurationPlatforms) = postSolution
		{A7A8F93A-D083-4970-8B8A-37A4BA9912E5}.Debug|Any CPU.ActiveCfg = Debug|Any CPU
		{A7A8F93A-D083-4970-8B8A-37A4BA9912E5}.Debug|Any CPU.Build.0 = Debug|Any CPU
		{A7A8F93A-D083-4970-8B8A-37A4BA9912E5}.Release|Any CPU.ActiveCfg = Release|Any CPU
		{A7A8F93A-D083-4970-8B8A-37A4BA9912E5}.Release|Any CPU.Build.0 = Release|Any CPU
	EndGlobalSection
	GlobalSection(SolutionProperties) = preSolution
		HideSolutionNode = FALSE
	EndGlobalSection
EndGlobal
