
Microsoft Visual Studio Solution File, Format Version 12.00
# Visual Studio 2012
Project("{FAE04EC0-301F-11D3-BF4B-00C04F79EFBC}") = "PROG_REL9_Ej3_Vera_Guillermo", "PROG_REL9_Ej3_Vera_Guillermo\PROG_REL9_Ej3_Vera_Guillermo.csproj", "{FAC921BE-B171-475F-BB13-5DBCB97846F6}"
EndProject
Global
	GlobalSection(SolutionConfigurationPlatforms) = preSolution
		Debug|Any CPU = Debug|Any CPU
		Release|Any CPU = Release|Any CPU
	EndGlobalSection
	GlobalSection(ProjectConfigurationPlatforms) = postSolution
		{FAC921BE-B171-475F-BB13-5DBCB97846F6}.Debug|Any CPU.ActiveCfg = Debug|Any CPU
		{FAC921BE-B171-475F-BB13-5DBCB97846F6}.Debug|Any CPU.Build.0 = Debug|Any CPU
		{FAC921BE-B171-475F-BB13-5DBCB97846F6}.Release|Any CPU.ActiveCfg = Release|Any CPU
		{FAC921BE-B171-475F-BB13-5DBCB97846F6}.Release|Any CPU.Build.0 = Release|Any CPU
	EndGlobalSection
	GlobalSection(SolutionProperties) = preSolution
		HideSolutionNode = FALSE
	EndGlobalSection
EndGlobal
